Microsoft Visual Studio Solution File, Format Version 12.00
# Visual Studio 15
VisualStudioVersion = 15.0.26430.16
MinimumVisualStudioVersion = 10.0.40219.1
Project("{FAE04EC0-301F-11D3-BF4B-00C04F79EFBC}") = "GymLog.API", "GymLog.API\GymLog.API.csproj", "{028948D4-9354-49D3-A8B7-C6F167A9EDDA}"
EndProject
Project("{FAE04EC0-301F-11D3-BF4B-00C04F79EFBC}") = "GymLog.Data", "GymLog.Data\GymLog.Data.csproj", "{D6CFFF7E-26E3-4022-986F-123605818E88}"
EndProject
Global
	GlobalSection(SolutionConfigurationPlatforms) = preSolution
		Debug|Any CPU = Debug|Any CPU
		Release|Any CPU = Release|Any CPU
	EndGlobalSection
	GlobalSection(ProjectConfigurationPlatforms) = postSolution
		{028948D4-9354-49D3-A8B7-C6F167A9EDDA}.Debug|Any CPU.ActiveCfg = Debug|Any CPU
		{028948D4-9354-49D3-A8B7-C6F167A9EDDA}.Debug|Any CPU.Build.0 = Debug|Any CPU
		{028948D4-9354-49D3-A8B7-C6F167A9EDDA}.Release|Any CPU.ActiveCfg = Release|Any CPU
		{028948D4-9354-49D3-A8B7-C6F167A9EDDA}.Release|Any CPU.Build.0 = Release|Any CPU
		{D6CFFF7E-26E3-4022-986F-123605818E88}.Debug|Any CPU.ActiveCfg = Debug|Any CPU
		{D6CFFF7E-26E3-4022-986F-123605818E88}.Debug|Any CPU.Build.0 = Debug|Any CPU
		{D6CFFF7E-26E3-4022-986F-123605818E88}.Release|Any CPU.ActiveCfg = Release|Any CPU
		{D6CFFF7E-26E3-4022-986F-123605818E88}.Release|Any CPU.Build.0 = Release|Any CPU
	EndGlobalSection
	GlobalSection(SolutionProperties) = preSolution
		HideSolutionNode = FALSE
	EndGlobalSection
EndGlobal
